
Microsoft Visual Studio Solution File, Format Version 12.00
# Visual Studio Version 16
VisualStudioVersion = 16.0.30907.101
MinimumVisualStudioVersion = 10.0.40219.1
Project("{8BC9CEB8-8B4A-11D0-8D11-00A0C91BC942}") = "SealighterTI", "PPLdump\PPLdump.vcxproj", "{FCE81BDA-ACAC-4892-969E-0414E765593B}"
	ProjectSection(ProjectDependencies) = postProject
		{6E8D2C12-255B-403C-9EF3-8A097D374DB2} = {6E8D2C12-255B-403C-9EF3-8A097D374DB2}
	EndProjectSection
EndProject
Project("{8BC9CEB8-8B4A-11D0-8D11-00A0C91BC942}") = "SealighterTIDll", "PPLdumpDll\PPLdumpDll.vcxproj", "{6E8D2C12-255B-403C-9EF3-8A097D374DB2}"
	ProjectSection(ProjectDependencies) = postProject
		{ED4E6027-541F-440A-A5EE-15DBB7B89423} = {ED4E6027-541F-440A-A5EE-15DBB7B89423}
	EndProjectSection
EndProject
Project("{8BC9CEB8-8B4A-11D0-8D11-00A0C91BC942}") = "Microsoft.O365.Security.Native.ETW", "Sealighter\krabsetw\Microsoft.O365.Security.Native.ETW\Microsoft.O365.Security.Native.ETW.vcxproj", "{ED4E6027-541F-440A-A5EE-15DBB7B89423}"
EndProject
Global
	GlobalSection(SolutionConfigurationPlatforms) = preSolution
		Debug|x64 = Debug|x64
		Release|x64 = Release|x64
	EndGlobalSection
	GlobalSection(ProjectConfigurationPlatforms) = postSolution
		{FCE81BDA-ACAC-4892-969E-0414E765593B}.Debug|x64.ActiveCfg = Debug|x64
		{FCE81BDA-ACAC-4892-969E-0414E765593B}.Debug|x64.Build.0 = Debug|x64
		{FCE81BDA-ACAC-4892-969E-0414E765593B}.Release|x64.ActiveCfg = Release|x64
		{FCE81BDA-ACAC-4892-969E-0414E765593B}.Release|x64.Build.0 = Release|x64
		{6E8D2C12-255B-403C-9EF3-8A097D374DB2}.Debug|x64.ActiveCfg = Debug|x64
		{6E8D2C12-255B-403C-9EF3-8A097D374DB2}.Debug|x64.Build.0 = Debug|x64
		{6E8D2C12-255B-403C-9EF3-8A097D374DB2}.Release|x64.ActiveCfg = Release|x64
		{6E8D2C12-255B-403C-9EF3-8A097D374DB2}.Release|x64.Build.0 = Release|x64
		{ED4E6027-541F-440A-A5EE-15DBB7B89423}.Debug|x64.ActiveCfg = Debug|x64
		{ED4E6027-541F-440A-A5EE-15DBB7B89423}.Debug|x64.Build.0 = Debug|x64
		{ED4E6027-541F-440A-A5EE-15DBB7B89423}.Release|x64.ActiveCfg = Release|x64
		{ED4E6027-541F-440A-A5EE-15DBB7B89423}.Release|x64.Build.0 = Release|x64
	EndGlobalSection
	GlobalSection(SolutionProperties) = preSolution
		HideSolutionNode = FALSE
	EndGlobalSection
	GlobalSection(ExtensibilityGlobals) = postSolution
		SolutionGuid = {C27E5A8A-2C3F-4B24-92AE-7E0B29C0A16B}
	EndGlobalSection
EndGlobal
